
Microsoft Visual Studio Solution File, Format Version 12.00
# Visual Studio Version 17
VisualStudioVersion = 17.0.31903.59
MinimumVisualStudioVersion = 10.0.40219.1
Project("{FAE04EC0-301F-11D3-BF4B-00C04F79EFBC}") = "ReplaceSqlParameters", "ReplaceSqlParameters\ReplaceSqlParameters.csproj", "{D2229D86-BC46-4F2C-A6E4-38C89EE1AF4F}"
EndProject
Global
	GlobalSection(SolutionConfigurationPlatforms) = preSolution
		Debug|Any CPU = Debug|Any CPU
		Release|Any CPU = Release|Any CPU
	EndGlobalSection
	GlobalSection(ProjectConfigurationPlatforms) = postSolution
		{D2229D86-BC46-4F2C-A6E4-38C89EE1AF4F}.Debug|Any CPU.ActiveCfg = Debug|Any CPU
		{D2229D86-BC46-4F2C-A6E4-38C89EE1AF4F}.Debug|Any CPU.Build.0 = Debug|Any CPU
		{D2229D86-BC46-4F2C-A6E4-38C89EE1AF4F}.Release|Any CPU.ActiveCfg = Release|Any CPU
		{D2229D86-BC46-4F2C-A6E4-38C89EE1AF4F}.Release|Any CPU.Build.0 = Release|Any CPU
	EndGlobalSection
	GlobalSection(SolutionProperties) = preSolution
		HideSolutionNode = FALSE
	EndGlobalSection
	GlobalSection(ExtensibilityGlobals) = postSolution
		SolutionGuid = {12F614FC-8A0A-4C6B-84A0-CAECCFD1E0D3}
	EndGlobalSection
EndGlobal
